
Microsoft Visual Studio Solution File, Format Version 12.00
# Visual Studio Version 16
VisualStudioVersion = 16.0.29806.167
MinimumVisualStudioVersion = 10.0.40219.1
Project("{9A19103F-16F7-4668-BE54-9A1E7A4F7556}") = "CatsListingDemo.Domain", "CatsListingDemo.Domain\CatsListingDemo.Domain.csproj", "{7B55B4C0-6373-493B-8E68-0A8D4BD35B9D}"
EndProject
Project("{2150E333-8FDC-42A3-9474-1A3956D46DE8}") = "0 Solution Items", "0 Solution Items", "{03C1602B-03FB-45CB-A127-68293AF8C1C3}"
	ProjectSection(SolutionItems) = preProject
		README.md = README.md
	EndProjectSection
EndProject
Project("{2150E333-8FDC-42A3-9474-1A3956D46DE8}") = "1 User Interface", "1 User Interface", "{0E80350C-580C-4A1D-9422-E3BEACB82650}"
EndProject
Project("{2150E333-8FDC-42A3-9474-1A3956D46DE8}") = "2 Application Core", "2 Application Core", "{19A5320F-1B1B-45D2-B669-D76EC8BEA4CA}"
EndProject
Project("{2150E333-8FDC-42A3-9474-1A3956D46DE8}") = "3 -----------------------------------", "3 -----------------------------------", "{FFB8137C-DD96-41F5-B6D5-1FB00B46DA3F}"
EndProject
Project("{2150E333-8FDC-42A3-9474-1A3956D46DE8}") = "4 Dependencies", "4 Dependencies", "{49C0EEA4-545C-43C5-A1E0-B27982D48620}"
EndProject
Project("{2150E333-8FDC-42A3-9474-1A3956D46DE8}") = "5 -----------------------------------", "5 -----------------------------------", "{F93EBEFC-0FC7-4954-B447-1B134EDB8958}"
EndProject
Project("{2150E333-8FDC-42A3-9474-1A3956D46DE8}") = "6 Tests", "6 Tests", "{F1AC9321-6BE5-493F-B4D3-22C377D48546}"
EndProject
Project("{2150E333-8FDC-42A3-9474-1A3956D46DE8}") = "Domain", "Domain", "{DE81034D-A997-4F5D-9A02-A8D7625C5074}"
EndProject
Project("{2150E333-8FDC-42A3-9474-1A3956D46DE8}") = "Interfaces", "Interfaces", "{F17C2019-6B07-468D-8DC7-86505E6F52C6}"
EndProject
Project("{2150E333-8FDC-42A3-9474-1A3956D46DE8}") = "Business", "Business", "{293AD78A-6AC2-48E6-9ACF-B46C3F66359C}"
EndProject
Project("{2150E333-8FDC-42A3-9474-1A3956D46DE8}") = "Infrastructure", "Infrastructure", "{8B93ED6D-0BB7-42DE-B01A-DD1851B57742}"
EndProject
Project("{9A19103F-16F7-4668-BE54-9A1E7A4F7556}") = "CatsListingDemo.BusinessInterfaces", "CatsListingDemo.BusinessInterfaces\CatsListingDemo.BusinessInterfaces.csproj", "{1DBFDFDB-9145-4AE5-94D6-67F71296E2E2}"
EndProject
Project("{9A19103F-16F7-4668-BE54-9A1E7A4F7556}") = "CatsListingDemo.RepositoryInterfaces", "CatsListingDemo.RepositoryInterfaces\CatsListingDemo.RepositoryInterfaces.csproj", "{824BF64C-8B44-40C1-8553-1F04261005FE}"
EndProject
Project("{9A19103F-16F7-4668-BE54-9A1E7A4F7556}") = "CatsListingDemo.Business", "CatsListingDemo.Business\CatsListingDemo.Business.csproj", "{7E36EA78-7C11-4C32-A2F2-AB42E0C28727}"
EndProject
Project("{9A19103F-16F7-4668-BE54-9A1E7A4F7556}") = "CatsListingDemo.Business.Tests", "CatsListingDemo.Business.Tests\CatsListingDemo.Business.Tests.csproj", "{E23AD872-C122-4DDB-848E-3CC623BE8A8D}"
EndProject
Project("{9A19103F-16F7-4668-BE54-9A1E7A4F7556}") = "CatsListingDemo.WebMvc", "CatsListingDemo.WebMvc\CatsListingDemo.WebMvc.csproj", "{EFE6AE98-52D9-44A2-93E2-814B7A4D9DE6}"
EndProject
Project("{9A19103F-16F7-4668-BE54-9A1E7A4F7556}") = "CatsListingDemo.DataAccess", "CatsListingDemo.DataAccess\CatsListingDemo.DataAccess.csproj", "{8E5FD527-C990-42D3-91E8-FFBFDA440F84}"
EndProject
Project("{9A19103F-16F7-4668-BE54-9A1E7A4F7556}") = "CatsListingDemo.DataAccess.Tests", "CatsListingDemo.DataAccess.Tests\CatsListingDemo.DataAccess.Tests.csproj", "{7B00C4D8-8AC1-4D4F-B73B-D483DDFFF559}"
EndProject
Project("{9A19103F-16F7-4668-BE54-9A1E7A4F7556}") = "CatsListingDemo.Domain.Tests", "CatsListingDemo.Domain.Tests\CatsListingDemo.Domain.Tests.csproj", "{37D3E646-A674-42A7-8541-690C2F1CDBCF}"
EndProject
Project("{FAE04EC0-301F-11D3-BF4B-00C04F79EFBC}") = "CatsListingDemo.PetOwner.Service", "CatsListingDemo.PetOwner.Service\CatsListingDemo.PetOwner.Service.csproj", "{8FA6FCFF-2603-453D-A4A7-B71E4608707D}"
EndProject
Global
	GlobalSection(SolutionConfigurationPlatforms) = preSolution
		Debug|Any CPU = Debug|Any CPU
		Release|Any CPU = Release|Any CPU
	EndGlobalSection
	GlobalSection(ProjectConfigurationPlatforms) = postSolution
		{7B55B4C0-6373-493B-8E68-0A8D4BD35B9D}.Debug|Any CPU.ActiveCfg = Debug|Any CPU
		{7B55B4C0-6373-493B-8E68-0A8D4BD35B9D}.Debug|Any CPU.Build.0 = Debug|Any CPU
		{7B55B4C0-6373-493B-8E68-0A8D4BD35B9D}.Release|Any CPU.ActiveCfg = Release|Any CPU
		{7B55B4C0-6373-493B-8E68-0A8D4BD35B9D}.Release|Any CPU.Build.0 = Release|Any CPU
		{1DBFDFDB-9145-4AE5-94D6-67F71296E2E2}.Debug|Any CPU.ActiveCfg = Debug|Any CPU
		{1DBFDFDB-9145-4AE5-94D6-67F71296E2E2}.Debug|Any CPU.Build.0 = Debug|Any CPU
		{1DBFDFDB-9145-4AE5-94D6-67F71296E2E2}.Release|Any CPU.ActiveCfg = Release|Any CPU
		{1DBFDFDB-9145-4AE5-94D6-67F71296E2E2}.Release|Any CPU.Build.0 = Release|Any CPU
		{824BF64C-8B44-40C1-8553-1F04261005FE}.Debug|Any CPU.ActiveCfg = Debug|Any CPU
		{824BF64C-8B44-40C1-8553-1F04261005FE}.Debug|Any CPU.Build.0 = Debug|Any CPU
		{824BF64C-8B44-40C1-8553-1F04261005FE}.Release|Any CPU.ActiveCfg = Release|Any CPU
		{824BF64C-8B44-40C1-8553-1F04261005FE}.Release|Any CPU.Build.0 = Release|Any CPU
		{7E36EA78-7C11-4C32-A2F2-AB42E0C28727}.Debug|Any CPU.ActiveCfg = Debug|Any CPU
		{7E36EA78-7C11-4C32-A2F2-AB42E0C28727}.Debug|Any CPU.Build.0 = Debug|Any CPU
		{7E36EA78-7C11-4C32-A2F2-AB42E0C28727}.Release|Any CPU.ActiveCfg = Release|Any CPU
		{7E36EA78-7C11-4C32-A2F2-AB42E0C28727}.Release|Any CPU.Build.0 = Release|Any CPU
		{E23AD872-C122-4DDB-848E-3CC623BE8A8D}.Debug|Any CPU.ActiveCfg = Debug|Any CPU
		{E23AD872-C122-4DDB-848E-3CC623BE8A8D}.Debug|Any CPU.Build.0 = Debug|Any CPU
		{E23AD872-C122-4DDB-848E-3CC623BE8A8D}.Release|Any CPU.ActiveCfg = Release|Any CPU
		{E23AD872-C122-4DDB-848E-3CC623BE8A8D}.Release|Any CPU.Build.0 = Release|Any CPU
		{EFE6AE98-52D9-44A2-93E2-814B7A4D9DE6}.Debug|Any CPU.ActiveCfg = Debug|Any CPU
		{EFE6AE98-52D9-44A2-93E2-814B7A4D9DE6}.Debug|Any CPU.Build.0 = Debug|Any CPU
		{EFE6AE98-52D9-44A2-93E2-814B7A4D9DE6}.Release|Any CPU.ActiveCfg = Release|Any CPU
		{EFE6AE98-52D9-44A2-93E2-814B7A4D9DE6}.Release|Any CPU.Build.0 = Release|Any CPU
		{8E5FD527-C990-42D3-91E8-FFBFDA440F84}.Debug|Any CPU.ActiveCfg = Debug|Any CPU
		{8E5FD527-C990-42D3-91E8-FFBFDA440F84}.Debug|Any CPU.Build.0 = Debug|Any CPU
		{8E5FD527-C990-42D3-91E8-FFBFDA440F84}.Release|Any CPU.ActiveCfg = Release|Any CPU
		{8E5FD527-C990-42D3-91E8-FFBFDA440F84}.Release|Any CPU.Build.0 = Release|Any CPU
		{7B00C4D8-8AC1-4D4F-B73B-D483DDFFF559}.Debug|Any CPU.ActiveCfg = Debug|Any CPU
		{7B00C4D8-8AC1-4D4F-B73B-D483DDFFF559}.Debug|Any CPU.Build.0 = Debug|Any CPU
		{7B00C4D8-8AC1-4D4F-B73B-D483DDFFF559}.Release|Any CPU.ActiveCfg = Release|Any CPU
		{7B00C4D8-8AC1-4D4F-B73B-D483DDFFF559}.Release|Any CPU.Build.0 = Release|Any CPU
		{37D3E646-A674-42A7-8541-690C2F1CDBCF}.Debug|Any CPU.ActiveCfg = Debug|Any CPU
		{37D3E646-A674-42A7-8541-690C2F1CDBCF}.Debug|Any CPU.Build.0 = Debug|Any CPU
		{37D3E646-A674-42A7-8541-690C2F1CDBCF}.Release|Any CPU.ActiveCfg = Release|Any CPU
		{37D3E646-A674-42A7-8541-690C2F1CDBCF}.Release|Any CPU.Build.0 = Release|Any CPU
		{8FA6FCFF-2603-453D-A4A7-B71E4608707D}.Debug|Any CPU.ActiveCfg = Debug|Any CPU
		{8FA6FCFF-2603-453D-A4A7-B71E4608707D}.Debug|Any CPU.Build.0 = Debug|Any CPU
		{8FA6FCFF-2603-453D-A4A7-B71E4608707D}.Release|Any CPU.ActiveCfg = Release|Any CPU
		{8FA6FCFF-2603-453D-A4A7-B71E4608707D}.Release|Any CPU.Build.0 = Release|Any CPU
	EndGlobalSection
	GlobalSection(SolutionProperties) = preSolution
		HideSolutionNode = FALSE
	EndGlobalSection
	GlobalSection(NestedProjects) = preSolution
		{7B55B4C0-6373-493B-8E68-0A8D4BD35B9D} = {DE81034D-A997-4F5D-9A02-A8D7625C5074}
		{DE81034D-A997-4F5D-9A02-A8D7625C5074} = {19A5320F-1B1B-45D2-B669-D76EC8BEA4CA}
		{F17C2019-6B07-468D-8DC7-86505E6F52C6} = {19A5320F-1B1B-45D2-B669-D76EC8BEA4CA}
		{293AD78A-6AC2-48E6-9ACF-B46C3F66359C} = {49C0EEA4-545C-43C5-A1E0-B27982D48620}
		{8B93ED6D-0BB7-42DE-B01A-DD1851B57742} = {49C0EEA4-545C-43C5-A1E0-B27982D48620}
		{1DBFDFDB-9145-4AE5-94D6-67F71296E2E2} = {F17C2019-6B07-468D-8DC7-86505E6F52C6}
		{824BF64C-8B44-40C1-8553-1F04261005FE} = {F17C2019-6B07-468D-8DC7-86505E6F52C6}
		{7E36EA78-7C11-4C32-A2F2-AB42E0C28727} = {293AD78A-6AC2-48E6-9ACF-B46C3F66359C}
		{E23AD872-C122-4DDB-848E-3CC623BE8A8D} = {F1AC9321-6BE5-493F-B4D3-22C377D48546}
		{EFE6AE98-52D9-44A2-93E2-814B7A4D9DE6} = {0E80350C-580C-4A1D-9422-E3BEACB82650}
		{8E5FD527-C990-42D3-91E8-FFBFDA440F84} = {8B93ED6D-0BB7-42DE-B01A-DD1851B57742}
		{7B00C4D8-8AC1-4D4F-B73B-D483DDFFF559} = {F1AC9321-6BE5-493F-B4D3-22C377D48546}
		{37D3E646-A674-42A7-8541-690C2F1CDBCF} = {F1AC9321-6BE5-493F-B4D3-22C377D48546}
		{8FA6FCFF-2603-453D-A4A7-B71E4608707D} = {8B93ED6D-0BB7-42DE-B01A-DD1851B57742}
	EndGlobalSection
	GlobalSection(ExtensibilityGlobals) = postSolution
		SolutionGuid = {D15C5C4B-7676-4915-92E4-28667831025B}
	EndGlobalSection
EndGlobal
